
Microsoft Visual Studio Solution File, Format Version 12.00
# Visual Studio Version 17
VisualStudioVersion = 17.2.32516.85
MinimumVisualStudioVersion = 10.0.40219.1
Project("{9A19103F-16F7-4668-BE54-9A1E7A4F7556}") = "Build_IT_CommonToolsTests", "Build_IT_CommonToolsTests\Build_IT_CommonToolsTests.csproj", "{BD9DBDE6-DDB7-4B99-AB55-65EEF9B48E4B}"
EndProject
Project("{9A19103F-16F7-4668-BE54-9A1E7A4F7556}") = "Build_IT_CommonTools", "Build_IT_CommonTools\Build_IT_CommonTools.csproj", "{04083BBC-F5EE-4711-A1D6-6767B4A43616}"
EndProject
Project("{2150E333-8FDC-42A3-9474-1A3956D46DE8}") = "Tools", "Tools", "{B7C290B2-1E51-4B89-834E-6974BE26B9D9}"
EndProject
Project("{2150E333-8FDC-42A3-9474-1A3956D46DE8}") = "Tests", "Tests", "{BCECEC22-CA2D-45BC-A55C-6AE45234E2A3}"
EndProject
Project("{2150E333-8FDC-42A3-9474-1A3956D46DE8}") = "Statica", "Statica", "{66EE1E85-3E54-42B0-ADD2-471B6FB00D97}"
EndProject
Project("{2150E333-8FDC-42A3-9474-1A3956D46DE8}") = "Tests", "Tests", "{155E1C0A-1FE7-4A30-82DD-38045DB00305}"
EndProject
Project("{9A19103F-16F7-4668-BE54-9A1E7A4F7556}") = "Build_IT_FrameStaticaTests", "Build_IT_FrameStaticaTests\Build_IT_FrameStaticaTests.csproj", "{8C263E04-EEC5-4BCB-AEFE-43B3DBE5C5A2}"
EndProject
Project("{9A19103F-16F7-4668-BE54-9A1E7A4F7556}") = "Build_IT_BeamStaticaTests", "Build_IT_BeamStaticaTests\Build_IT_BeamStaticaTests.csproj", "{67609AA4-9A13-44FF-9B09-DAF00C230E93}"
EndProject
Project("{9A19103F-16F7-4668-BE54-9A1E7A4F7556}") = "Build_IT_BeamStatica", "Build_IT_BeamStatica\Build_IT_BeamStatica.csproj", "{FD2EC9AA-D041-4097-A60A-06D77AF84586}"
EndProject
Project("{9A19103F-16F7-4668-BE54-9A1E7A4F7556}") = "Build_IT_FrameStatica", "Build_IT_FrameStatica\Build_IT_FrameStatica.csproj", "{FBC83DDF-C205-422B-A8B5-6128054921AC}"
EndProject
Project("{2150E333-8FDC-42A3-9474-1A3956D46DE8}") = "SQL", "SQL", "{002C9EAF-A1E7-41E7-B66E-6660803A5C9F}"
	ProjectSection(SolutionItems) = preProject
		Resources\SQL\DeadLoads.sql = Resources\SQL\DeadLoads.sql
		Resources\SQL\EntityFrameworkCommands.txt = Resources\SQL\EntityFrameworkCommands.txt
		Resources\SQL\GetAllParametersForScripts.sql = Resources\SQL\GetAllParametersForScripts.sql
		Resources\SQL\GetAllScriptTranslations.sql = Resources\SQL\GetAllScriptTranslations.sql
	EndProjectSection
EndProject
Project("{2150E333-8FDC-42A3-9474-1A3956D46DE8}") = "Scripts", "Scripts", "{1ED0F927-16EC-42D3-818B-F213CEF861C7}"
EndProject
Project("{2150E333-8FDC-42A3-9474-1A3956D46DE8}") = "Tests", "Tests", "{36A4C03F-24B9-4A17-9AFE-9E34B663F278}"
EndProject
Project("{2150E333-8FDC-42A3-9474-1A3956D46DE8}") = "Eurocode0", "Eurocode0", "{B35D330F-9F6C-40DE-A06C-82F070FBB5B3}"
EndProject
Project("{9A19103F-16F7-4668-BE54-9A1E7A4F7556}") = "Build_IT_NCalcTests", "Build_IT_NCalcTests\Build_IT_NCalcTests.csproj", "{B7E05285-016A-4A53-A10D-49527DF63AF7}"
EndProject
Project("{9A19103F-16F7-4668-BE54-9A1E7A4F7556}") = "Build_IT_ScriptInterpreterTests", "Build_IT_ScriptInterpreterTests\Build_IT_ScriptInterpreterTests.csproj", "{EE4785BE-9331-40DD-A779-7E1B9CE3C191}"
EndProject
Project("{9A19103F-16F7-4668-BE54-9A1E7A4F7556}") = "Build_IT_ScriptService", "Build_IT_ScriptService\Build_IT_ScriptService.csproj", "{DB3515D8-8B65-49CA-BE1C-039AB3E1B02D}"
EndProject
Project("{9A19103F-16F7-4668-BE54-9A1E7A4F7556}") = "Build_IT_ScriptInterpreter", "Build_IT_ScriptInterpreter\Build_IT_ScriptInterpreter.csproj", "{3A721F5F-1D82-47A0-8DA3-F4F7C05F6D69}"
EndProject
Project("{9A19103F-16F7-4668-BE54-9A1E7A4F7556}") = "Build_IT_NCalc", "Build_IT_NCalc\Build_IT_NCalc.csproj", "{A654205C-6463-4014-A4DF-479C918321F3}"
EndProject
Project("{2150E333-8FDC-42A3-9474-1A3956D46DE8}") = "Tests", "Tests", "{8653418B-28F3-47CA-997A-10F6E9A94C5F}"
EndProject
Project("{9A19103F-16F7-4668-BE54-9A1E7A4F7556}") = "Build_IT_WindLoads", "Build_IT_WindLoads\Build_IT_WindLoads.csproj", "{84304742-30D7-4CBB-BCA6-FBAEBDDC0E6B}"
EndProject
Project("{9A19103F-16F7-4668-BE54-9A1E7A4F7556}") = "Build_IT_SnowLoads", "Build_IT_SnowLoad\Build_IT_SnowLoads.csproj", "{EF41C25F-8B99-4F97-88B0-EF59F0570123}"
EndProject
Project("{9A19103F-16F7-4668-BE54-9A1E7A4F7556}") = "Build_IT_SnowLoadsIntegrationTests", "Build_IT_SnowLoadsIntegrationTests\Build_IT_SnowLoadsIntegrationTests.csproj", "{E3728E37-971B-4572-8262-269750A5CB9C}"
EndProject
Project("{9A19103F-16F7-4668-BE54-9A1E7A4F7556}") = "Build_IT_SnowLoadsUnitTests", "Build_IT_SnowLoadsTests\Build_IT_SnowLoadsUnitTests.csproj", "{8DE55CBD-A765-4C40-A53F-1F05D82F6ADC}"
EndProject
Project("{9A19103F-16F7-4668-BE54-9A1E7A4F7556}") = "Build_IT_WindLoadsTests", "Build_IT_WindLoadsTests\Build_IT_WindLoadsTests.csproj", "{D012A8AA-4F1A-44D7-9DAE-C26F864719DC}"
EndProject
Project("{2150E333-8FDC-42A3-9474-1A3956D46DE8}") = "Data", "Data", "{B46E4776-406A-4647-A1CE-C089D5D6D13F}"
EndProject
Project("{2150E333-8FDC-42A3-9474-1A3956D46DE8}") = "Architecture", "Architecture", "{4E3CD3CF-7D6F-4CE4-837B-25D8EC7CA7AF}"
	ProjectSection(SolutionItems) = preProject
		azure-pipelines.yml = azure-pipelines.yml
	EndProjectSection
EndProject
Project("{9A19103F-16F7-4668-BE54-9A1E7A4F7556}") = "Build_IT_SoftwareArchitecture", "Build_IT_SoftwareArchitecture\Build_IT_SoftwareArchitecture.csproj", "{2EECA2E9-6362-4E81-BC1A-D613CB8F664A}"
EndProject
Project("{9A19103F-16F7-4668-BE54-9A1E7A4F7556}") = "Build_IT_DataAccess", "Build_IT_DataAccess\Build_IT_DataAccess.csproj", "{E3B11690-790B-4DF7-9342-1473FE64D1A3}"
EndProject
Project("{2150E333-8FDC-42A3-9474-1A3956D46DE8}") = "Tests", "Tests", "{0DF688B3-A405-40D2-BE48-2B3444929046}"
EndProject
Project("{9A19103F-16F7-4668-BE54-9A1E7A4F7556}") = "Build_IT_Data", "Build_IT_Data\Build_IT_Data.csproj", "{BED33610-C001-4C22-9E58-A02BAE2BD207}"
EndProject
Project("{9A19103F-16F7-4668-BE54-9A1E7A4F7556}") = "Build_IT_DataTests", "Build_IT_DataTests\Build_IT_DataTests.csproj", "{D2E9DE70-90B9-4542-9BA2-A31DE0D309DF}"
EndProject
Project("{2150E333-8FDC-42A3-9474-1A3956D46DE8}") = "WebApp", "WebApp", "{AB8C5D76-85C4-425F-92E1-74EF812093E5}"
EndProject
Project("{9A19103F-16F7-4668-BE54-9A1E7A4F7556}") = "Build_IT_DataAccessTests", "Build_IT_DataAccessTests\Build_IT_DataAccessTests.csproj", "{6B59A651-3286-49A5-A0D5-FC61EDDDBD45}"
EndProject
Project("{9A19103F-16F7-4668-BE54-9A1E7A4F7556}") = "Build_IT_ScriptBenchmark", "Build_IT_ScriptBenchmark\Build_IT_ScriptBenchmark.csproj", "{2535614F-9242-4864-B0FE-52A7088B1DDC}"
EndProject
Project("{2150E333-8FDC-42A3-9474-1A3956D46DE8}") = "CivilCalculators", "CivilCalculators", "{F6E6622F-01C6-4B26-A22D-F5E7103A0CD7}"
EndProject
Project("{9A19103F-16F7-4668-BE54-9A1E7A4F7556}") = "Build_IT_DeadLoads", "Build_IT_DeadLoads\Build_IT_DeadLoads.csproj", "{C7217BC0-F646-497B-BD29-D090A4BD2FCD}"
EndProject
Project("{9A19103F-16F7-4668-BE54-9A1E7A4F7556}") = "Build_IT_DeadLoadsTests", "Build_IT_DeadLoadsTests\Build_IT_DeadLoadsTests.csproj", "{55B77A92-5848-44D0-8FF6-962B7E7ADCAA}"
EndProject
Project("{2150E333-8FDC-42A3-9474-1A3956D46DE8}") = "Tests", "Tests", "{62C92AFF-B1C6-4768-A528-C150349939EA}"
EndProject
Project("{2150E333-8FDC-42A3-9474-1A3956D46DE8}") = "Resources", "Resources", "{00C16689-32EB-44F4-9276-62A34F74FB25}"
	ProjectSection(SolutionItems) = preProject
		Resources\ClientAPIConfig.nswag = Resources\ClientAPIConfig.nswag
		Resources\DbSchema.drawio = Resources\DbSchema.drawio
		Links.txt = Links.txt
		Resources\NewClientAPIConfig.nswag = Resources\NewClientAPIConfig.nswag
		Powershell.txt = Powershell.txt
	EndProjectSection
EndProject
Project("{9A19103F-16F7-4668-BE54-9A1E7A4F7556}") = "Build_IT_WebApplication", "Build_IT_Application\Build_IT_WebApplication.csproj", "{DD0F3790-44D4-462D-B08A-AD618AAA2486}"
EndProject
Project("{9A19103F-16F7-4668-BE54-9A1E7A4F7556}") = "Build_IT_WebInfrastructure", "Build_IT_WebInfrastructure\Build_IT_WebInfrastructure.csproj", "{57969C6E-B951-4B40-9A7A-078DAC161FF1}"
EndProject
Project("{9A19103F-16F7-4668-BE54-9A1E7A4F7556}") = "Build_IT_WebDomain", "Build_IT_WebDomain\Build_IT_WebDomain.csproj", "{D835B29D-5D7B-48E7-BEE2-5C7D0ED49E92}"
EndProject
Project("{9A19103F-16F7-4668-BE54-9A1E7A4F7556}") = "Build_IT_Evaluator", "Build_IT_Evaluator\Build_IT_Evaluator.csproj", "{62F37F57-A802-4E12-B792-4B65A736FF75}"
EndProject
Project("{9A19103F-16F7-4668-BE54-9A1E7A4F7556}") = "Build_IT_NCalcPlayground", "Build_IT_NCalcPlayground\Build_IT_NCalcPlayground.csproj", "{EE212CE4-18DB-4F2C-995C-251A921E8ECE}"
EndProject
Project("{9A19103F-16F7-4668-BE54-9A1E7A4F7556}") = "Build_IT_Web", "Build_IT_Web\Build_IT_Web.csproj", "{C4EE6DE5-B1C4-457C-B65D-0BE13194E43A}"
EndProject
Project("{9A19103F-16F7-4668-BE54-9A1E7A4F7556}") = "Build_IT_Web_AcceptanceTests", "Build_IT_WebTests\Build_IT_Web_AcceptanceTests.csproj", "{5471E929-8D34-45DA-BC7A-89567502251F}"
EndProject
Project("{9A19103F-16F7-4668-BE54-9A1E7A4F7556}") = "Build_IT_DataAccess_SqlServer", "Build_IT_DataAccess_SqlServer\Build_IT_DataAccess_SqlServer.csproj", "{E607BEB3-7A9F-4C19-8FEA-4528F1A739B1}"
EndProject
Project("{9A19103F-16F7-4668-BE54-9A1E7A4F7556}") = "Build_IT_WebApplication_IntegrationTests", "Build_IT_WebApplication_IntegrationTests\Build_IT_WebApplication_IntegrationTests.csproj", "{984D30B9-5D01-43D8-AE66-3AA7BBECADC9}"
EndProject
Project("{9A19103F-16F7-4668-BE54-9A1E7A4F7556}") = "Build_IT_WebApplicationTests", "Build_IT_WebApplicationTests\Build_IT_WebApplicationTests.csproj", "{1E01F190-281E-49FF-A946-786C4FD8460B}"
EndProject
Project("{9A19103F-16F7-4668-BE54-9A1E7A4F7556}") = "Build_IT_WebDomainTests", "Build_IT_WebDomainTests\Build_IT_WebDomainTests.csproj", "{811816CE-AEE5-4D49-BBF0-DE1D30BCDF17}"
EndProject
Global
	GlobalSection(SolutionConfigurationPlatforms) = preSolution
		Debug|Any CPU = Debug|Any CPU
		Release|Any CPU = Release|Any CPU
	EndGlobalSection
	GlobalSection(ProjectConfigurationPlatforms) = postSolution
		{BD9DBDE6-DDB7-4B99-AB55-65EEF9B48E4B}.Debug|Any CPU.ActiveCfg = Debug|Any CPU
		{BD9DBDE6-DDB7-4B99-AB55-65EEF9B48E4B}.Debug|Any CPU.Build.0 = Debug|Any CPU
		{BD9DBDE6-DDB7-4B99-AB55-65EEF9B48E4B}.Release|Any CPU.ActiveCfg = Release|Any CPU
		{BD9DBDE6-DDB7-4B99-AB55-65EEF9B48E4B}.Release|Any CPU.Build.0 = Release|Any CPU
		{04083BBC-F5EE-4711-A1D6-6767B4A43616}.Debug|Any CPU.ActiveCfg = Debug|Any CPU
		{04083BBC-F5EE-4711-A1D6-6767B4A43616}.Debug|Any CPU.Build.0 = Debug|Any CPU
		{04083BBC-F5EE-4711-A1D6-6767B4A43616}.Release|Any CPU.ActiveCfg = Release|Any CPU
		{04083BBC-F5EE-4711-A1D6-6767B4A43616}.Release|Any CPU.Build.0 = Release|Any CPU
		{8C263E04-EEC5-4BCB-AEFE-43B3DBE5C5A2}.Debug|Any CPU.ActiveCfg = Debug|Any CPU
		{8C263E04-EEC5-4BCB-AEFE-43B3DBE5C5A2}.Debug|Any CPU.Build.0 = Debug|Any CPU
		{8C263E04-EEC5-4BCB-AEFE-43B3DBE5C5A2}.Release|Any CPU.ActiveCfg = Release|Any CPU
		{8C263E04-EEC5-4BCB-AEFE-43B3DBE5C5A2}.Release|Any CPU.Build.0 = Release|Any CPU
		{67609AA4-9A13-44FF-9B09-DAF00C230E93}.Debug|Any CPU.ActiveCfg = Debug|Any CPU
		{67609AA4-9A13-44FF-9B09-DAF00C230E93}.Debug|Any CPU.Build.0 = Debug|Any CPU
		{67609AA4-9A13-44FF-9B09-DAF00C230E93}.Release|Any CPU.ActiveCfg = Release|Any CPU
		{67609AA4-9A13-44FF-9B09-DAF00C230E93}.Release|Any CPU.Build.0 = Release|Any CPU
		{FD2EC9AA-D041-4097-A60A-06D77AF84586}.Debug|Any CPU.ActiveCfg = Debug|Any CPU
		{FD2EC9AA-D041-4097-A60A-06D77AF84586}.Debug|Any CPU.Build.0 = Debug|Any CPU
		{FD2EC9AA-D041-4097-A60A-06D77AF84586}.Release|Any CPU.ActiveCfg = Release|Any CPU
		{FD2EC9AA-D041-4097-A60A-06D77AF84586}.Release|Any CPU.Build.0 = Release|Any CPU
		{FBC83DDF-C205-422B-A8B5-6128054921AC}.Debug|Any CPU.ActiveCfg = Debug|Any CPU
		{FBC83DDF-C205-422B-A8B5-6128054921AC}.Debug|Any CPU.Build.0 = Debug|Any CPU
		{FBC83DDF-C205-422B-A8B5-6128054921AC}.Release|Any CPU.ActiveCfg = Release|Any CPU
		{FBC83DDF-C205-422B-A8B5-6128054921AC}.Release|Any CPU.Build.0 = Release|Any CPU
		{B7E05285-016A-4A53-A10D-49527DF63AF7}.Debug|Any CPU.ActiveCfg = Debug|Any CPU
		{B7E05285-016A-4A53-A10D-49527DF63AF7}.Debug|Any CPU.Build.0 = Debug|Any CPU
		{B7E05285-016A-4A53-A10D-49527DF63AF7}.Release|Any CPU.ActiveCfg = Release|Any CPU
		{B7E05285-016A-4A53-A10D-49527DF63AF7}.Release|Any CPU.Build.0 = Release|Any CPU
		{EE4785BE-9331-40DD-A779-7E1B9CE3C191}.Debug|Any CPU.ActiveCfg = Debug|Any CPU
		{EE4785BE-9331-40DD-A779-7E1B9CE3C191}.Debug|Any CPU.Build.0 = Debug|Any CPU
		{EE4785BE-9331-40DD-A779-7E1B9CE3C191}.Release|Any CPU.ActiveCfg = Release|Any CPU
		{EE4785BE-9331-40DD-A779-7E1B9CE3C191}.Release|Any CPU.Build.0 = Release|Any CPU
		{DB3515D8-8B65-49CA-BE1C-039AB3E1B02D}.Debug|Any CPU.ActiveCfg = Debug|Any CPU
		{DB3515D8-8B65-49CA-BE1C-039AB3E1B02D}.Debug|Any CPU.Build.0 = Debug|Any CPU
		{DB3515D8-8B65-49CA-BE1C-039AB3E1B02D}.Release|Any CPU.ActiveCfg = Release|Any CPU
		{DB3515D8-8B65-49CA-BE1C-039AB3E1B02D}.Release|Any CPU.Build.0 = Release|Any CPU
		{3A721F5F-1D82-47A0-8DA3-F4F7C05F6D69}.Debug|Any CPU.ActiveCfg = Debug|Any CPU
		{3A721F5F-1D82-47A0-8DA3-F4F7C05F6D69}.Debug|Any CPU.Build.0 = Debug|Any CPU
		{3A721F5F-1D82-47A0-8DA3-F4F7C05F6D69}.Release|Any CPU.ActiveCfg = Release|Any CPU
		{3A721F5F-1D82-47A0-8DA3-F4F7C05F6D69}.Release|Any CPU.Build.0 = Release|Any CPU
		{A654205C-6463-4014-A4DF-479C918321F3}.Debug|Any CPU.ActiveCfg = Debug|Any CPU
		{A654205C-6463-4014-A4DF-479C918321F3}.Debug|Any CPU.Build.0 = Debug|Any CPU
		{A654205C-6463-4014-A4DF-479C918321F3}.Release|Any CPU.ActiveCfg = Release|Any CPU
		{A654205C-6463-4014-A4DF-479C918321F3}.Release|Any CPU.Build.0 = Release|Any CPU
		{84304742-30D7-4CBB-BCA6-FBAEBDDC0E6B}.Debug|Any CPU.ActiveCfg = Debug|Any CPU
		{84304742-30D7-4CBB-BCA6-FBAEBDDC0E6B}.Debug|Any CPU.Build.0 = Debug|Any CPU
		{84304742-30D7-4CBB-BCA6-FBAEBDDC0E6B}.Release|Any CPU.ActiveCfg = Release|Any CPU
		{84304742-30D7-4CBB-BCA6-FBAEBDDC0E6B}.Release|Any CPU.Build.0 = Release|Any CPU
		{EF41C25F-8B99-4F97-88B0-EF59F0570123}.Debug|Any CPU.ActiveCfg = Debug|Any CPU
		{EF41C25F-8B99-4F97-88B0-EF59F0570123}.Debug|Any CPU.Build.0 = Debug|Any CPU
		{EF41C25F-8B99-4F97-88B0-EF59F0570123}.Release|Any CPU.ActiveCfg = Release|Any CPU
		{EF41C25F-8B99-4F97-88B0-EF59F0570123}.Release|Any CPU.Build.0 = Release|Any CPU
		{E3728E37-971B-4572-8262-269750A5CB9C}.Debug|Any CPU.ActiveCfg = Debug|Any CPU
		{E3728E37-971B-4572-8262-269750A5CB9C}.Debug|Any CPU.Build.0 = Debug|Any CPU
		{E3728E37-971B-4572-8262-269750A5CB9C}.Release|Any CPU.ActiveCfg = Release|Any CPU
		{E3728E37-971B-4572-8262-269750A5CB9C}.Release|Any CPU.Build.0 = Release|Any CPU
		{8DE55CBD-A765-4C40-A53F-1F05D82F6ADC}.Debug|Any CPU.ActiveCfg = Debug|Any CPU
		{8DE55CBD-A765-4C40-A53F-1F05D82F6ADC}.Debug|Any CPU.Build.0 = Debug|Any CPU
		{8DE55CBD-A765-4C40-A53F-1F05D82F6ADC}.Release|Any CPU.ActiveCfg = Release|Any CPU
		{8DE55CBD-A765-4C40-A53F-1F05D82F6ADC}.Release|Any CPU.Build.0 = Release|Any CPU
		{D012A8AA-4F1A-44D7-9DAE-C26F864719DC}.Debug|Any CPU.ActiveCfg = Debug|Any CPU
		{D012A8AA-4F1A-44D7-9DAE-C26F864719DC}.Debug|Any CPU.Build.0 = Debug|Any CPU
		{D012A8AA-4F1A-44D7-9DAE-C26F864719DC}.Release|Any CPU.ActiveCfg = Release|Any CPU
		{D012A8AA-4F1A-44D7-9DAE-C26F864719DC}.Release|Any CPU.Build.0 = Release|Any CPU
		{2EECA2E9-6362-4E81-BC1A-D613CB8F664A}.Debug|Any CPU.ActiveCfg = Debug|Any CPU
		{2EECA2E9-6362-4E81-BC1A-D613CB8F664A}.Debug|Any CPU.Build.0 = Debug|Any CPU
		{2EECA2E9-6362-4E81-BC1A-D613CB8F664A}.Release|Any CPU.ActiveCfg = Release|Any CPU
		{2EECA2E9-6362-4E81-BC1A-D613CB8F664A}.Release|Any CPU.Build.0 = Release|Any CPU
		{E3B11690-790B-4DF7-9342-1473FE64D1A3}.Debug|Any CPU.ActiveCfg = Debug|Any CPU
		{E3B11690-790B-4DF7-9342-1473FE64D1A3}.Debug|Any CPU.Build.0 = Debug|Any CPU
		{E3B11690-790B-4DF7-9342-1473FE64D1A3}.Release|Any CPU.ActiveCfg = Release|Any CPU
		{E3B11690-790B-4DF7-9342-1473FE64D1A3}.Release|Any CPU.Build.0 = Release|Any CPU
		{BED33610-C001-4C22-9E58-A02BAE2BD207}.Debug|Any CPU.ActiveCfg = Debug|Any CPU
		{BED33610-C001-4C22-9E58-A02BAE2BD207}.Debug|Any CPU.Build.0 = Debug|Any CPU
		{BED33610-C001-4C22-9E58-A02BAE2BD207}.Release|Any CPU.ActiveCfg = Release|Any CPU
		{BED33610-C001-4C22-9E58-A02BAE2BD207}.Release|Any CPU.Build.0 = Release|Any CPU
		{D2E9DE70-90B9-4542-9BA2-A31DE0D309DF}.Debug|Any CPU.ActiveCfg = Debug|Any CPU
		{D2E9DE70-90B9-4542-9BA2-A31DE0D309DF}.Debug|Any CPU.Build.0 = Debug|Any CPU
		{D2E9DE70-90B9-4542-9BA2-A31DE0D309DF}.Release|Any CPU.ActiveCfg = Release|Any CPU
		{D2E9DE70-90B9-4542-9BA2-A31DE0D309DF}.Release|Any CPU.Build.0 = Release|Any CPU
		{6B59A651-3286-49A5-A0D5-FC61EDDDBD45}.Debug|Any CPU.ActiveCfg = Debug|Any CPU
		{6B59A651-3286-49A5-A0D5-FC61EDDDBD45}.Debug|Any CPU.Build.0 = Debug|Any CPU
		{6B59A651-3286-49A5-A0D5-FC61EDDDBD45}.Release|Any CPU.ActiveCfg = Release|Any CPU
		{6B59A651-3286-49A5-A0D5-FC61EDDDBD45}.Release|Any CPU.Build.0 = Release|Any CPU
		{2535614F-9242-4864-B0FE-52A7088B1DDC}.Debug|Any CPU.ActiveCfg = Debug|Any CPU
		{2535614F-9242-4864-B0FE-52A7088B1DDC}.Debug|Any CPU.Build.0 = Debug|Any CPU
		{2535614F-9242-4864-B0FE-52A7088B1DDC}.Release|Any CPU.ActiveCfg = Release|Any CPU
		{2535614F-9242-4864-B0FE-52A7088B1DDC}.Release|Any CPU.Build.0 = Release|Any CPU
		{C7217BC0-F646-497B-BD29-D090A4BD2FCD}.Debug|Any CPU.ActiveCfg = Debug|Any CPU
		{C7217BC0-F646-497B-BD29-D090A4BD2FCD}.Debug|Any CPU.Build.0 = Debug|Any CPU
		{C7217BC0-F646-497B-BD29-D090A4BD2FCD}.Release|Any CPU.ActiveCfg = Release|Any CPU
		{C7217BC0-F646-497B-BD29-D090A4BD2FCD}.Release|Any CPU.Build.0 = Release|Any CPU
		{55B77A92-5848-44D0-8FF6-962B7E7ADCAA}.Debug|Any CPU.ActiveCfg = Debug|Any CPU
		{55B77A92-5848-44D0-8FF6-962B7E7ADCAA}.Debug|Any CPU.Build.0 = Debug|Any CPU
		{55B77A92-5848-44D0-8FF6-962B7E7ADCAA}.Release|Any CPU.ActiveCfg = Release|Any CPU
		{55B77A92-5848-44D0-8FF6-962B7E7ADCAA}.Release|Any CPU.Build.0 = Release|Any CPU
		{DD0F3790-44D4-462D-B08A-AD618AAA2486}.Debug|Any CPU.ActiveCfg = Debug|Any CPU
		{DD0F3790-44D4-462D-B08A-AD618AAA2486}.Debug|Any CPU.Build.0 = Debug|Any CPU
		{DD0F3790-44D4-462D-B08A-AD618AAA2486}.Release|Any CPU.ActiveCfg = Release|Any CPU
		{DD0F3790-44D4-462D-B08A-AD618AAA2486}.Release|Any CPU.Build.0 = Release|Any CPU
		{57969C6E-B951-4B40-9A7A-078DAC161FF1}.Debug|Any CPU.ActiveCfg = Debug|Any CPU
		{57969C6E-B951-4B40-9A7A-078DAC161FF1}.Debug|Any CPU.Build.0 = Debug|Any CPU
		{57969C6E-B951-4B40-9A7A-078DAC161FF1}.Release|Any CPU.ActiveCfg = Release|Any CPU
		{57969C6E-B951-4B40-9A7A-078DAC161FF1}.Release|Any CPU.Build.0 = Release|Any CPU
		{D835B29D-5D7B-48E7-BEE2-5C7D0ED49E92}.Debug|Any CPU.ActiveCfg = Debug|Any CPU
		{D835B29D-5D7B-48E7-BEE2-5C7D0ED49E92}.Debug|Any CPU.Build.0 = Debug|Any CPU
		{D835B29D-5D7B-48E7-BEE2-5C7D0ED49E92}.Release|Any CPU.ActiveCfg = Release|Any CPU
		{D835B29D-5D7B-48E7-BEE2-5C7D0ED49E92}.Release|Any CPU.Build.0 = Release|Any CPU
		{62F37F57-A802-4E12-B792-4B65A736FF75}.Debug|Any CPU.ActiveCfg = Debug|Any CPU
		{62F37F57-A802-4E12-B792-4B65A736FF75}.Debug|Any CPU.Build.0 = Debug|Any CPU
		{62F37F57-A802-4E12-B792-4B65A736FF75}.Release|Any CPU.ActiveCfg = Release|Any CPU
		{62F37F57-A802-4E12-B792-4B65A736FF75}.Release|Any CPU.Build.0 = Release|Any CPU
		{EE212CE4-18DB-4F2C-995C-251A921E8ECE}.Debug|Any CPU.ActiveCfg = Debug|Any CPU
		{EE212CE4-18DB-4F2C-995C-251A921E8ECE}.Debug|Any CPU.Build.0 = Debug|Any CPU
		{EE212CE4-18DB-4F2C-995C-251A921E8ECE}.Release|Any CPU.ActiveCfg = Release|Any CPU
		{EE212CE4-18DB-4F2C-995C-251A921E8ECE}.Release|Any CPU.Build.0 = Release|Any CPU
		{C4EE6DE5-B1C4-457C-B65D-0BE13194E43A}.Debug|Any CPU.ActiveCfg = Debug|Any CPU
		{C4EE6DE5-B1C4-457C-B65D-0BE13194E43A}.Debug|Any CPU.Build.0 = Debug|Any CPU
		{C4EE6DE5-B1C4-457C-B65D-0BE13194E43A}.Release|Any CPU.ActiveCfg = Release|Any CPU
		{C4EE6DE5-B1C4-457C-B65D-0BE13194E43A}.Release|Any CPU.Build.0 = Release|Any CPU
		{5471E929-8D34-45DA-BC7A-89567502251F}.Debug|Any CPU.ActiveCfg = Debug|Any CPU
		{5471E929-8D34-45DA-BC7A-89567502251F}.Debug|Any CPU.Build.0 = Debug|Any CPU
		{5471E929-8D34-45DA-BC7A-89567502251F}.Release|Any CPU.ActiveCfg = Release|Any CPU
		{5471E929-8D34-45DA-BC7A-89567502251F}.Release|Any CPU.Build.0 = Release|Any CPU
		{E607BEB3-7A9F-4C19-8FEA-4528F1A739B1}.Debug|Any CPU.ActiveCfg = Debug|Any CPU
		{E607BEB3-7A9F-4C19-8FEA-4528F1A739B1}.Debug|Any CPU.Build.0 = Debug|Any CPU
		{E607BEB3-7A9F-4C19-8FEA-4528F1A739B1}.Release|Any CPU.ActiveCfg = Release|Any CPU
		{E607BEB3-7A9F-4C19-8FEA-4528F1A739B1}.Release|Any CPU.Build.0 = Release|Any CPU
		{984D30B9-5D01-43D8-AE66-3AA7BBECADC9}.Debug|Any CPU.ActiveCfg = Debug|Any CPU
		{984D30B9-5D01-43D8-AE66-3AA7BBECADC9}.Debug|Any CPU.Build.0 = Debug|Any CPU
		{984D30B9-5D01-43D8-AE66-3AA7BBECADC9}.Release|Any CPU.ActiveCfg = Release|Any CPU
		{984D30B9-5D01-43D8-AE66-3AA7BBECADC9}.Release|Any CPU.Build.0 = Release|Any CPU
		{1E01F190-281E-49FF-A946-786C4FD8460B}.Debug|Any CPU.ActiveCfg = Debug|Any CPU
		{1E01F190-281E-49FF-A946-786C4FD8460B}.Debug|Any CPU.Build.0 = Debug|Any CPU
		{1E01F190-281E-49FF-A946-786C4FD8460B}.Release|Any CPU.ActiveCfg = Release|Any CPU
		{1E01F190-281E-49FF-A946-786C4FD8460B}.Release|Any CPU.Build.0 = Release|Any CPU
		{811816CE-AEE5-4D49-BBF0-DE1D30BCDF17}.Debug|Any CPU.ActiveCfg = Debug|Any CPU
		{811816CE-AEE5-4D49-BBF0-DE1D30BCDF17}.Debug|Any CPU.Build.0 = Debug|Any CPU
		{811816CE-AEE5-4D49-BBF0-DE1D30BCDF17}.Release|Any CPU.ActiveCfg = Release|Any CPU
		{811816CE-AEE5-4D49-BBF0-DE1D30BCDF17}.Release|Any CPU.Build.0 = Release|Any CPU
	EndGlobalSection
	GlobalSection(SolutionProperties) = preSolution
		HideSolutionNode = FALSE
	EndGlobalSection
	GlobalSection(NestedProjects) = preSolution
		{BD9DBDE6-DDB7-4B99-AB55-65EEF9B48E4B} = {BCECEC22-CA2D-45BC-A55C-6AE45234E2A3}
		{04083BBC-F5EE-4711-A1D6-6767B4A43616} = {B7C290B2-1E51-4B89-834E-6974BE26B9D9}
		{BCECEC22-CA2D-45BC-A55C-6AE45234E2A3} = {B7C290B2-1E51-4B89-834E-6974BE26B9D9}
		{66EE1E85-3E54-42B0-ADD2-471B6FB00D97} = {F6E6622F-01C6-4B26-A22D-F5E7103A0CD7}
		{155E1C0A-1FE7-4A30-82DD-38045DB00305} = {66EE1E85-3E54-42B0-ADD2-471B6FB00D97}
		{8C263E04-EEC5-4BCB-AEFE-43B3DBE5C5A2} = {155E1C0A-1FE7-4A30-82DD-38045DB00305}
		{67609AA4-9A13-44FF-9B09-DAF00C230E93} = {155E1C0A-1FE7-4A30-82DD-38045DB00305}
		{FD2EC9AA-D041-4097-A60A-06D77AF84586} = {66EE1E85-3E54-42B0-ADD2-471B6FB00D97}
		{FBC83DDF-C205-422B-A8B5-6128054921AC} = {66EE1E85-3E54-42B0-ADD2-471B6FB00D97}
		{002C9EAF-A1E7-41E7-B66E-6660803A5C9F} = {00C16689-32EB-44F4-9276-62A34F74FB25}
		{1ED0F927-16EC-42D3-818B-F213CEF861C7} = {F6E6622F-01C6-4B26-A22D-F5E7103A0CD7}
		{36A4C03F-24B9-4A17-9AFE-9E34B663F278} = {1ED0F927-16EC-42D3-818B-F213CEF861C7}
		{B35D330F-9F6C-40DE-A06C-82F070FBB5B3} = {F6E6622F-01C6-4B26-A22D-F5E7103A0CD7}
		{B7E05285-016A-4A53-A10D-49527DF63AF7} = {36A4C03F-24B9-4A17-9AFE-9E34B663F278}
		{EE4785BE-9331-40DD-A779-7E1B9CE3C191} = {36A4C03F-24B9-4A17-9AFE-9E34B663F278}
		{DB3515D8-8B65-49CA-BE1C-039AB3E1B02D} = {1ED0F927-16EC-42D3-818B-F213CEF861C7}
		{3A721F5F-1D82-47A0-8DA3-F4F7C05F6D69} = {1ED0F927-16EC-42D3-818B-F213CEF861C7}
		{A654205C-6463-4014-A4DF-479C918321F3} = {1ED0F927-16EC-42D3-818B-F213CEF861C7}
		{8653418B-28F3-47CA-997A-10F6E9A94C5F} = {B35D330F-9F6C-40DE-A06C-82F070FBB5B3}
		{84304742-30D7-4CBB-BCA6-FBAEBDDC0E6B} = {B35D330F-9F6C-40DE-A06C-82F070FBB5B3}
		{EF41C25F-8B99-4F97-88B0-EF59F0570123} = {B35D330F-9F6C-40DE-A06C-82F070FBB5B3}
		{E3728E37-971B-4572-8262-269750A5CB9C} = {8653418B-28F3-47CA-997A-10F6E9A94C5F}
		{8DE55CBD-A765-4C40-A53F-1F05D82F6ADC} = {8653418B-28F3-47CA-997A-10F6E9A94C5F}
		{D012A8AA-4F1A-44D7-9DAE-C26F864719DC} = {8653418B-28F3-47CA-997A-10F6E9A94C5F}
		{4E3CD3CF-7D6F-4CE4-837B-25D8EC7CA7AF} = {00C16689-32EB-44F4-9276-62A34F74FB25}
		{2EECA2E9-6362-4E81-BC1A-D613CB8F664A} = {4E3CD3CF-7D6F-4CE4-837B-25D8EC7CA7AF}
		{E3B11690-790B-4DF7-9342-1473FE64D1A3} = {B46E4776-406A-4647-A1CE-C089D5D6D13F}
		{0DF688B3-A405-40D2-BE48-2B3444929046} = {B46E4776-406A-4647-A1CE-C089D5D6D13F}
		{BED33610-C001-4C22-9E58-A02BAE2BD207} = {B46E4776-406A-4647-A1CE-C089D5D6D13F}
		{D2E9DE70-90B9-4542-9BA2-A31DE0D309DF} = {0DF688B3-A405-40D2-BE48-2B3444929046}
		{6B59A651-3286-49A5-A0D5-FC61EDDDBD45} = {0DF688B3-A405-40D2-BE48-2B3444929046}
		{2535614F-9242-4864-B0FE-52A7088B1DDC} = {36A4C03F-24B9-4A17-9AFE-9E34B663F278}
		{C7217BC0-F646-497B-BD29-D090A4BD2FCD} = {B35D330F-9F6C-40DE-A06C-82F070FBB5B3}
		{55B77A92-5848-44D0-8FF6-962B7E7ADCAA} = {8653418B-28F3-47CA-997A-10F6E9A94C5F}
		{62C92AFF-B1C6-4768-A528-C150349939EA} = {AB8C5D76-85C4-425F-92E1-74EF812093E5}
		{DD0F3790-44D4-462D-B08A-AD618AAA2486} = {AB8C5D76-85C4-425F-92E1-74EF812093E5}
		{57969C6E-B951-4B40-9A7A-078DAC161FF1} = {AB8C5D76-85C4-425F-92E1-74EF812093E5}
		{D835B29D-5D7B-48E7-BEE2-5C7D0ED49E92} = {AB8C5D76-85C4-425F-92E1-74EF812093E5}
		{62F37F57-A802-4E12-B792-4B65A736FF75} = {1ED0F927-16EC-42D3-818B-F213CEF861C7}
		{EE212CE4-18DB-4F2C-995C-251A921E8ECE} = {36A4C03F-24B9-4A17-9AFE-9E34B663F278}
		{C4EE6DE5-B1C4-457C-B65D-0BE13194E43A} = {AB8C5D76-85C4-425F-92E1-74EF812093E5}
		{5471E929-8D34-45DA-BC7A-89567502251F} = {62C92AFF-B1C6-4768-A528-C150349939EA}
		{E607BEB3-7A9F-4C19-8FEA-4528F1A739B1} = {B46E4776-406A-4647-A1CE-C089D5D6D13F}
		{984D30B9-5D01-43D8-AE66-3AA7BBECADC9} = {62C92AFF-B1C6-4768-A528-C150349939EA}
		{1E01F190-281E-49FF-A946-786C4FD8460B} = {62C92AFF-B1C6-4768-A528-C150349939EA}
		{811816CE-AEE5-4D49-BBF0-DE1D30BCDF17} = {62C92AFF-B1C6-4768-A528-C150349939EA}
	EndGlobalSection
	GlobalSection(ExtensibilityGlobals) = postSolution
		SolutionGuid = {7DEBB993-15DB-4681-B78C-305F8F1E4511}
	EndGlobalSection
EndGlobal
